
Microsoft Visual Studio Solution File, Format Version 12.00
# Visual Studio 2012
Project("{FAE04EC0-301F-11D3-BF4B-00C04F79EFBC}") = "TelerikAcademy.Data", "TelerikAcademy.Data\TelerikAcademy.Data.csproj", "{157D2278-AF04-4597-B513-9025D08B816E}"
EndProject
Project("{FAE04EC0-301F-11D3-BF4B-00C04F79EFBC}") = "TelerikAcademy.Client", "TelerikAcademy.Client\TelerikAcademy.Client.csproj", "{0486B282-DA1A-4D43-AB80-6D77144A65CC}"
EndProject
Global
	GlobalSection(SolutionConfigurationPlatforms) = preSolution
		Debug|Any CPU = Debug|Any CPU
		Release|Any CPU = Release|Any CPU
	EndGlobalSection
	GlobalSection(ProjectConfigurationPlatforms) = postSolution
		{157D2278-AF04-4597-B513-9025D08B816E}.Debug|Any CPU.ActiveCfg = Debug|Any CPU
		{157D2278-AF04-4597-B513-9025D08B816E}.Debug|Any CPU.Build.0 = Debug|Any CPU
		{157D2278-AF04-4597-B513-9025D08B816E}.Release|Any CPU.ActiveCfg = Release|Any CPU
		{157D2278-AF04-4597-B513-9025D08B816E}.Release|Any CPU.Build.0 = Release|Any CPU
		{0486B282-DA1A-4D43-AB80-6D77144A65CC}.Debug|Any CPU.ActiveCfg = Debug|Any CPU
		{0486B282-DA1A-4D43-AB80-6D77144A65CC}.Debug|Any CPU.Build.0 = Debug|Any CPU
		{0486B282-DA1A-4D43-AB80-6D77144A65CC}.Release|Any CPU.ActiveCfg = Release|Any CPU
		{0486B282-DA1A-4D43-AB80-6D77144A65CC}.Release|Any CPU.Build.0 = Release|Any CPU
	EndGlobalSection
	GlobalSection(SolutionProperties) = preSolution
		HideSolutionNode = FALSE
	EndGlobalSection
EndGlobal
