
Microsoft Visual Studio Solution File, Format Version 12.00
# Visual Studio 2012
Project("{FAE04EC0-301F-11D3-BF4B-00C04F79EFBC}") = "VendingMachine", "VendingMachine\VendingMachine.csproj", "{4CA40E9B-1CEF-4510-9226-EF4366FA0034}"
EndProject
Global
	GlobalSection(TeamFoundationVersionControl) = preSolution
		SccNumberOfProjects = 2
		SccEnterpriseProvider = {4CA58AB2-18FA-4F8D-95D4-32DDF27D184C}
		SccTeamFoundationServer = https://daisyduck.visualstudio.com/defaultcollection
		SccLocalPath0 = .
		SccProjectUniqueName1 = VendingMachine\\VendingMachine.csproj
		SccProjectName1 = VendingMachine
		SccLocalPath1 = VendingMachine
	EndGlobalSection
	GlobalSection(SolutionConfigurationPlatforms) = preSolution
		Debug|Any CPU = Debug|Any CPU
		Release|Any CPU = Release|Any CPU
	EndGlobalSection
	GlobalSection(ProjectConfigurationPlatforms) = postSolution
		{4CA40E9B-1CEF-4510-9226-EF4366FA0034}.Debug|Any CPU.ActiveCfg = Debug|Any CPU
		{4CA40E9B-1CEF-4510-9226-EF4366FA0034}.Debug|Any CPU.Build.0 = Debug|Any CPU
		{4CA40E9B-1CEF-4510-9226-EF4366FA0034}.Release|Any CPU.ActiveCfg = Release|Any CPU
		{4CA40E9B-1CEF-4510-9226-EF4366FA0034}.Release|Any CPU.Build.0 = Release|Any CPU
	EndGlobalSection
	GlobalSection(SolutionProperties) = preSolution
		HideSolutionNode = FALSE
	EndGlobalSection
EndGlobal
